// !$*UTF8*$!
{
	archiveVersion = 1;
	classes = {
	};
	objectVersion = 50;
	objects = {

/* Begin PBXBuildFile section */
		3468FEACDC7AB4213C993B14 /* Pods_LCEBarnSwallow.framework in Frameworks */ = {isa = PBXBuildFile; fileRef = 87995BAAEAAF8621B089AC31 /* Pods_LCEBarnSwallow.framework */; };
		AACA9836786B547925C48B10 /* Pods_LCEBarnSwallowTests.framework in Frameworks */ = {isa = PBXBuildFile; fileRef = 9E1C6205D85E9C4A76D0A924 /* Pods_LCEBarnSwallowTests.framework */; };
		C33E37F12134F937000C82BE /* LCESearchImageModel.swift in Sources */ = {isa = PBXBuildFile; fileRef = C33E37F02134F937000C82BE /* LCESearchImageModel.swift */; };
		C33E37F321352300000C82BE /* LCETools.swift in Sources */ = {isa = PBXBuildFile; fileRef = C33E37F221352300000C82BE /* LCETools.swift */; };
		C33E37F721355BCA000C82BE /* LCESearchImageTableViewCell.swift in Sources */ = {isa = PBXBuildFile; fileRef = C33E37F521355BCA000C82BE /* LCESearchImageTableViewCell.swift */; };
		C33E37F821355BCA000C82BE /* LCESearchImageTableViewCell.xib in Resources */ = {isa = PBXBuildFile; fileRef = C33E37F621355BCA000C82BE /* LCESearchImageTableViewCell.xib */; };
		C352BF21212D362B006CE3B4 /* LCEWriteDiaryBottomView.swift in Sources */ = {isa = PBXBuildFile; fileRef = C352BF20212D362B006CE3B4 /* LCEWriteDiaryBottomView.swift */; };
		C352BF2721300D8F006CE3B4 /* LCEChooseDateView.swift in Sources */ = {isa = PBXBuildFile; fileRef = C352BF2621300D8F006CE3B4 /* LCEChooseDateView.swift */; };
		C352BF29213145D5006CE3B4 /* Moya.framework in Frameworks */ = {isa = PBXBuildFile; fileRef = C352BF28213145D5006CE3B4 /* Moya.framework */; };
		C3769041213676E500069005 /* LCEImageCollectionViewCell.swift in Sources */ = {isa = PBXBuildFile; fileRef = C376903F213676E500069005 /* LCEImageCollectionViewCell.swift */; };
		C3769042213676E500069005 /* LCEImageCollectionViewCell.xib in Resources */ = {isa = PBXBuildFile; fileRef = C3769040213676E500069005 /* LCEImageCollectionViewCell.xib */; };
		C38F7A3620B2ADB60089DD0D /* LCESearchImageApi.swift in Sources */ = {isa = PBXBuildFile; fileRef = C38F7A3520B2ADB60089DD0D /* LCESearchImageApi.swift */; };
		C39950CB20F9C4FB00BC0BDB /* LCEWriteDiaryViewController.swift in Sources */ = {isa = PBXBuildFile; fileRef = C39950CA20F9C4FB00BC0BDB /* LCEWriteDiaryViewController.swift */; };
		C39950CE20F9D30C00BC0BDB /* LCENaviView.swift in Sources */ = {isa = PBXBuildFile; fileRef = C39950CD20F9D30C00BC0BDB /* LCENaviView.swift */; };
		C39950D020F9E43300BC0BDB /* SnapKit.framework in Frameworks */ = {isa = PBXBuildFile; fileRef = C39950CF20F9E43300BC0BDB /* SnapKit.framework */; };
		C39E54212133E53500D84671 /* ObjectMapper.framework in Frameworks */ = {isa = PBXBuildFile; fileRef = C39E54202133E53500D84671 /* ObjectMapper.framework */; };
		C3A9FB10210F16DF004926BB /* LCEChooseDateViewController.swift in Sources */ = {isa = PBXBuildFile; fileRef = C3A9FB0F210F16DF004926BB /* LCEChooseDateViewController.swift */; };
		C3A9FB12210F1986004926BB /* LCEChooseIconViewController.swift in Sources */ = {isa = PBXBuildFile; fileRef = C3A9FB11210F1986004926BB /* LCEChooseIconViewController.swift */; };
		C3A9FB14210F1AA8004926BB /* LCEChoosePhotoViewController.swift in Sources */ = {isa = PBXBuildFile; fileRef = C3A9FB13210F1AA8004926BB /* LCEChoosePhotoViewController.swift */; };
		C3A9FB16210F1B20004926BB /* LCERecordViewController.swift in Sources */ = {isa = PBXBuildFile; fileRef = C3A9FB15210F1B20004926BB /* LCERecordViewController.swift */; };
		C3BA17FB2141127C00782785 /* LCEIconCollectionViewCell.swift in Sources */ = {isa = PBXBuildFile; fileRef = C3BA17F92141127C00782785 /* LCEIconCollectionViewCell.swift */; };
		C3BA17FC2141127C00782785 /* LCEIconCollectionViewCell.xib in Resources */ = {isa = PBXBuildFile; fileRef = C3BA17FA2141127C00782785 /* LCEIconCollectionViewCell.xib */; };
		C3CD17BC21410540000DBCAA /* LCEChooseIconTableViewCell.swift in Sources */ = {isa = PBXBuildFile; fileRef = C3CD17BA21410540000DBCAA /* LCEChooseIconTableViewCell.swift */; };
		C3CD17BD21410540000DBCAA /* LCEChooseIconTableViewCell.xib in Resources */ = {isa = PBXBuildFile; fileRef = C3CD17BB21410540000DBCAA /* LCEChooseIconTableViewCell.xib */; };
		C3DDF45F20FDF62A00680530 /* LCEWriteDiaryFunctionBarView.swift in Sources */ = {isa = PBXBuildFile; fileRef = C3DDF45E20FDF62A00680530 /* LCEWriteDiaryFunctionBarView.swift */; };
		C3F5138B20AD24AE002F4940 /* AppDelegate.swift in Sources */ = {isa = PBXBuildFile; fileRef = C3F5138A20AD24AE002F4940 /* AppDelegate.swift */; };
		C3F5139220AD24B1002F4940 /* Assets.xcassets in Resources */ = {isa = PBXBuildFile; fileRef = C3F5139120AD24B1002F4940 /* Assets.xcassets */; };
		C3F513A020AD24B1002F4940 /* LCEBarnSwallowTests.swift in Sources */ = {isa = PBXBuildFile; fileRef = C3F5139F20AD24B1002F4940 /* LCEBarnSwallowTests.swift */; };
		C3F513AB20AD24B1002F4940 /* LCEBarnSwallowUITests.swift in Sources */ = {isa = PBXBuildFile; fileRef = C3F513AA20AD24B1002F4940 /* LCEBarnSwallowUITests.swift */; };
		C3F513BA20AD2D42002F4940 /* LCETabBarController.swift in Sources */ = {isa = PBXBuildFile; fileRef = C3F513B920AD2D42002F4940 /* LCETabBarController.swift */; };
		C3F513BD20AD2D9E002F4940 /* LCEBaseViewController.swift in Sources */ = {isa = PBXBuildFile; fileRef = C3F513BC20AD2D9E002F4940 /* LCEBaseViewController.swift */; };
		C3F513BF20AD2DEB002F4940 /* LCEHomeViewController.swift in Sources */ = {isa = PBXBuildFile; fileRef = C3F513BE20AD2DEB002F4940 /* LCEHomeViewController.swift */; };
		C3F513C220AD4DA7002F4940 /* LCEColorHex.swift in Sources */ = {isa = PBXBuildFile; fileRef = C3F513C120AD4DA7002F4940 /* LCEColorHex.swift */; };
		C3F513C620AD523A002F4940 /* LCEMeViewController.swift in Sources */ = {isa = PBXBuildFile; fileRef = C3F513C520AD523A002F4940 /* LCEMeViewController.swift */; };
		C3F513CC20AD71E8002F4940 /* LCENavigationController.swift in Sources */ = {isa = PBXBuildFile; fileRef = C3F513CB20AD71E8002F4940 /* LCENavigationController.swift */; };
		C3F513D020AEAE44002F4940 /* LCEProgressHUD.swift in Sources */ = {isa = PBXBuildFile; fileRef = C3F513CF20AEAE43002F4940 /* LCEProgressHUD.swift */; };
/* End PBXBuildFile section */

/* Begin PBXContainerItemProxy section */
		C3F5139C20AD24B1002F4940 /* PBXContainerItemProxy */ = {
			isa = PBXContainerItemProxy;
			containerPortal = C3F5137F20AD24AE002F4940 /* Project object */;
			proxyType = 1;
			remoteGlobalIDString = C3F5138620AD24AE002F4940;
			remoteInfo = LCEBarnSwallow;
		};
		C3F513A720AD24B1002F4940 /* PBXContainerItemProxy */ = {
			isa = PBXContainerItemProxy;
			containerPortal = C3F5137F20AD24AE002F4940 /* Project object */;
			proxyType = 1;
			remoteGlobalIDString = C3F5138620AD24AE002F4940;
			remoteInfo = LCEBarnSwallow;
		};
/* End PBXContainerItemProxy section */

/* Begin PBXCopyFilesBuildPhase section */
		C39E54272133E5F400D84671 /* Embed Frameworks */ = {
			isa = PBXCopyFilesBuildPhase;
			buildActionMask = 2147483647;
			dstPath = "";
			dstSubfolderSpec = 10;
			files = (
			);
			name = "Embed Frameworks";
			runOnlyForDeploymentPostprocessing = 0;
		};
/* End PBXCopyFilesBuildPhase section */

/* Begin PBXFileReference section */
		1990B8BE7F379CD488F393D4 /* Pods-LCEBarnSwallowTests.debug.xcconfig */ = {isa = PBXFileReference; includeInIndex = 1; lastKnownFileType = text.xcconfig; name = "Pods-LCEBarnSwallowTests.debug.xcconfig"; path = "Pods/Target Support Files/Pods-LCEBarnSwallowTests/Pods-LCEBarnSwallowTests.debug.xcconfig"; sourceTree = "<group>"; };
		2EAF6F914113B32C9445A746 /* Pods-LCEBarnSwallow.debug.xcconfig */ = {isa = PBXFileReference; includeInIndex = 1; lastKnownFileType = text.xcconfig; name = "Pods-LCEBarnSwallow.debug.xcconfig"; path = "Pods/Target Support Files/Pods-LCEBarnSwallow/Pods-LCEBarnSwallow.debug.xcconfig"; sourceTree = "<group>"; };
		87995BAAEAAF8621B089AC31 /* Pods_LCEBarnSwallow.framework */ = {isa = PBXFileReference; explicitFileType = wrapper.framework; includeInIndex = 0; path = Pods_LCEBarnSwallow.framework; sourceTree = BUILT_PRODUCTS_DIR; };
		9C177C6E705070DE6626CBCA /* Pods-LCEBarnSwallowTests.release.xcconfig */ = {isa = PBXFileReference; includeInIndex = 1; lastKnownFileType = text.xcconfig; name = "Pods-LCEBarnSwallowTests.release.xcconfig"; path = "Pods/Target Support Files/Pods-LCEBarnSwallowTests/Pods-LCEBarnSwallowTests.release.xcconfig"; sourceTree = "<group>"; };
		9E1C6205D85E9C4A76D0A924 /* Pods_LCEBarnSwallowTests.framework */ = {isa = PBXFileReference; explicitFileType = wrapper.framework; includeInIndex = 0; path = Pods_LCEBarnSwallowTests.framework; sourceTree = BUILT_PRODUCTS_DIR; };
		A6416C02E976DB4AEA217D57 /* Pods_LCEBarnSwallowUITests.framework */ = {isa = PBXFileReference; explicitFileType = wrapper.framework; includeInIndex = 0; path = Pods_LCEBarnSwallowUITests.framework; sourceTree = BUILT_PRODUCTS_DIR; };
		B02A9F52D4C38072A5318446 /* Pods-LCEBarnSwallow.release.xcconfig */ = {isa = PBXFileReference; includeInIndex = 1; lastKnownFileType = text.xcconfig; name = "Pods-LCEBarnSwallow.release.xcconfig"; path = "Pods/Target Support Files/Pods-LCEBarnSwallow/Pods-LCEBarnSwallow.release.xcconfig"; sourceTree = "<group>"; };
		C33E37F02134F937000C82BE /* LCESearchImageModel.swift */ = {isa = PBXFileReference; lastKnownFileType = sourcecode.swift; path = LCESearchImageModel.swift; sourceTree = "<group>"; };
		C33E37F221352300000C82BE /* LCETools.swift */ = {isa = PBXFileReference; lastKnownFileType = sourcecode.swift; path = LCETools.swift; sourceTree = "<group>"; };
		C33E37F521355BCA000C82BE /* LCESearchImageTableViewCell.swift */ = {isa = PBXFileReference; lastKnownFileType = sourcecode.swift; path = LCESearchImageTableViewCell.swift; sourceTree = "<group>"; };
		C33E37F621355BCA000C82BE /* LCESearchImageTableViewCell.xib */ = {isa = PBXFileReference; lastKnownFileType = file.xib; path = LCESearchImageTableViewCell.xib; sourceTree = "<group>"; };
		C352BF20212D362B006CE3B4 /* LCEWriteDiaryBottomView.swift */ = {isa = PBXFileReference; lastKnownFileType = sourcecode.swift; path = LCEWriteDiaryBottomView.swift; sourceTree = "<group>"; };
		C352BF2621300D8F006CE3B4 /* LCEChooseDateView.swift */ = {isa = PBXFileReference; lastKnownFileType = sourcecode.swift; path = LCEChooseDateView.swift; sourceTree = "<group>"; };
		C352BF28213145D5006CE3B4 /* Moya.framework */ = {isa = PBXFileReference; explicitFileType = wrapper.framework; path = Moya.framework; sourceTree = BUILT_PRODUCTS_DIR; };
		C376903F213676E500069005 /* LCEImageCollectionViewCell.swift */ = {isa = PBXFileReference; lastKnownFileType = sourcecode.swift; path = LCEImageCollectionViewCell.swift; sourceTree = "<group>"; };
		C3769040213676E500069005 /* LCEImageCollectionViewCell.xib */ = {isa = PBXFileReference; lastKnownFileType = file.xib; path = LCEImageCollectionViewCell.xib; sourceTree = "<group>"; };
		C38F7A3520B2ADB60089DD0D /* LCESearchImageApi.swift */ = {isa = PBXFileReference; lastKnownFileType = sourcecode.swift; path = LCESearchImageApi.swift; sourceTree = "<group>"; };
		C39950CA20F9C4FB00BC0BDB /* LCEWriteDiaryViewController.swift */ = {isa = PBXFileReference; lastKnownFileType = sourcecode.swift; path = LCEWriteDiaryViewController.swift; sourceTree = "<group>"; };
		C39950CD20F9D30C00BC0BDB /* LCENaviView.swift */ = {isa = PBXFileReference; lastKnownFileType = sourcecode.swift; path = LCENaviView.swift; sourceTree = "<group>"; };
		C39950CF20F9E43300BC0BDB /* SnapKit.framework */ = {isa = PBXFileReference; explicitFileType = wrapper.framework; path = SnapKit.framework; sourceTree = BUILT_PRODUCTS_DIR; };
		C39E54202133E53500D84671 /* ObjectMapper.framework */ = {isa = PBXFileReference; explicitFileType = wrapper.framework; path = ObjectMapper.framework; sourceTree = BUILT_PRODUCTS_DIR; };
		C3A9FB0F210F16DF004926BB /* LCEChooseDateViewController.swift */ = {isa = PBXFileReference; lastKnownFileType = sourcecode.swift; path = LCEChooseDateViewController.swift; sourceTree = "<group>"; };
		C3A9FB11210F1986004926BB /* LCEChooseIconViewController.swift */ = {isa = PBXFileReference; lastKnownFileType = sourcecode.swift; path = LCEChooseIconViewController.swift; sourceTree = "<group>"; };
		C3A9FB13210F1AA8004926BB /* LCEChoosePhotoViewController.swift */ = {isa = PBXFileReference; lastKnownFileType = sourcecode.swift; path = LCEChoosePhotoViewController.swift; sourceTree = "<group>"; };
		C3A9FB15210F1B20004926BB /* LCERecordViewController.swift */ = {isa = PBXFileReference; lastKnownFileType = sourcecode.swift; path = LCERecordViewController.swift; sourceTree = "<group>"; };
		C3BA17F92141127C00782785 /* LCEIconCollectionViewCell.swift */ = {isa = PBXFileReference; lastKnownFileType = sourcecode.swift; path = LCEIconCollectionViewCell.swift; sourceTree = "<group>"; };
		C3BA17FA2141127C00782785 /* LCEIconCollectionViewCell.xib */ = {isa = PBXFileReference; lastKnownFileType = file.xib; path = LCEIconCollectionViewCell.xib; sourceTree = "<group>"; };
		C3CD17BA21410540000DBCAA /* LCEChooseIconTableViewCell.swift */ = {isa = PBXFileReference; lastKnownFileType = sourcecode.swift; path = LCEChooseIconTableViewCell.swift; sourceTree = "<group>"; };
		C3CD17BB21410540000DBCAA /* LCEChooseIconTableViewCell.xib */ = {isa = PBXFileReference; lastKnownFileType = file.xib; path = LCEChooseIconTableViewCell.xib; sourceTree = "<group>"; };
		C3DDF45E20FDF62A00680530 /* LCEWriteDiaryFunctionBarView.swift */ = {isa = PBXFileReference; lastKnownFileType = sourcecode.swift; path = LCEWriteDiaryFunctionBarView.swift; sourceTree = "<group>"; };
		C3F5138720AD24AE002F4940 /* LCEBarnSwallow.app */ = {isa = PBXFileReference; explicitFileType = wrapper.application; includeInIndex = 0; path = LCEBarnSwallow.app; sourceTree = BUILT_PRODUCTS_DIR; };
		C3F5138A20AD24AE002F4940 /* AppDelegate.swift */ = {isa = PBXFileReference; lastKnownFileType = sourcecode.swift; path = AppDelegate.swift; sourceTree = "<group>"; };
		C3F5139120AD24B1002F4940 /* Assets.xcassets */ = {isa = PBXFileReference; lastKnownFileType = folder.assetcatalog; path = Assets.xcassets; sourceTree = "<group>"; };
		C3F5139620AD24B1002F4940 /* Info.plist */ = {isa = PBXFileReference; lastKnownFileType = text.plist.xml; path = Info.plist; sourceTree = "<group>"; };
		C3F5139B20AD24B1002F4940 /* LCEBarnSwallowTests.xctest */ = {isa = PBXFileReference; explicitFileType = wrapper.cfbundle; includeInIndex = 0; path = LCEBarnSwallowTests.xctest; sourceTree = BUILT_PRODUCTS_DIR; };
		C3F5139F20AD24B1002F4940 /* LCEBarnSwallowTests.swift */ = {isa = PBXFileReference; lastKnownFileType = sourcecode.swift; path = LCEBarnSwallowTests.swift; sourceTree = "<group>"; };
		C3F513A120AD24B1002F4940 /* Info.plist */ = {isa = PBXFileReference; lastKnownFileType = text.plist.xml; path = Info.plist; sourceTree = "<group>"; };
		C3F513A620AD24B1002F4940 /* LCEBarnSwallowUITests.xctest */ = {isa = PBXFileReference; explicitFileType = wrapper.cfbundle; includeInIndex = 0; path = LCEBarnSwallowUITests.xctest; sourceTree = BUILT_PRODUCTS_DIR; };
		C3F513AA20AD24B1002F4940 /* LCEBarnSwallowUITests.swift */ = {isa = PBXFileReference; lastKnownFileType = sourcecode.swift; path = LCEBarnSwallowUITests.swift; sourceTree = "<group>"; };
		C3F513AC20AD24B1002F4940 /* Info.plist */ = {isa = PBXFileReference; lastKnownFileType = text.plist.xml; path = Info.plist; sourceTree = "<group>"; };
		C3F513B920AD2D42002F4940 /* LCETabBarController.swift */ = {isa = PBXFileReference; lastKnownFileType = sourcecode.swift; path = LCETabBarController.swift; sourceTree = "<group>"; };
		C3F513BC20AD2D9E002F4940 /* LCEBaseViewController.swift */ = {isa = PBXFileReference; lastKnownFileType = sourcecode.swift; path = LCEBaseViewController.swift; sourceTree = "<group>"; };
		C3F513BE20AD2DEB002F4940 /* LCEHomeViewController.swift */ = {isa = PBXFileReference; lastKnownFileType = sourcecode.swift; path = LCEHomeViewController.swift; sourceTree = "<group>"; };
		C3F513C120AD4DA7002F4940 /* LCEColorHex.swift */ = {isa = PBXFileReference; lastKnownFileType = sourcecode.swift; path = LCEColorHex.swift; sourceTree = "<group>"; };
		C3F513C520AD523A002F4940 /* LCEMeViewController.swift */ = {isa = PBXFileReference; lastKnownFileType = sourcecode.swift; path = LCEMeViewController.swift; sourceTree = "<group>"; };
		C3F513CB20AD71E8002F4940 /* LCENavigationController.swift */ = {isa = PBXFileReference; lastKnownFileType = sourcecode.swift; path = LCENavigationController.swift; sourceTree = "<group>"; };
		C3F513CF20AEAE43002F4940 /* LCEProgressHUD.swift */ = {isa = PBXFileReference; lastKnownFileType = sourcecode.swift; path = LCEProgressHUD.swift; sourceTree = "<group>"; };
/* End PBXFileReference section */

/* Begin PBXFrameworksBuildPhase section */
		C3F5138420AD24AE002F4940 /* Frameworks */ = {
			isa = PBXFrameworksBuildPhase;
			buildActionMask = 2147483647;
			files = (
				C39E54212133E53500D84671 /* ObjectMapper.framework in Frameworks */,
				C352BF29213145D5006CE3B4 /* Moya.framework in Frameworks */,
				C39950D020F9E43300BC0BDB /* SnapKit.framework in Frameworks */,
				3468FEACDC7AB4213C993B14 /* Pods_LCEBarnSwallow.framework in Frameworks */,
			);
			runOnlyForDeploymentPostprocessing = 0;
		};
		C3F5139820AD24B1002F4940 /* Frameworks */ = {
			isa = PBXFrameworksBuildPhase;
			buildActionMask = 2147483647;
			files = (
				AACA9836786B547925C48B10 /* Pods_LCEBarnSwallowTests.framework in Frameworks */,
			);
			runOnlyForDeploymentPostprocessing = 0;
		};
		C3F513A320AD24B1002F4940 /* Frameworks */ = {
			isa = PBXFrameworksBuildPhase;
			buildActionMask = 2147483647;
			files = (
			);
			runOnlyForDeploymentPostprocessing = 0;
		};
/* End PBXFrameworksBuildPhase section */

/* Begin PBXGroup section */
		0CA37CE4091F9CCAF214F2C8 /* Pods */ = {
			isa = PBXGroup;
			children = (
				2EAF6F914113B32C9445A746 /* Pods-LCEBarnSwallow.debug.xcconfig */,
				B02A9F52D4C38072A5318446 /* Pods-LCEBarnSwallow.release.xcconfig */,
				1990B8BE7F379CD488F393D4 /* Pods-LCEBarnSwallowTests.debug.xcconfig */,
				9C177C6E705070DE6626CBCA /* Pods-LCEBarnSwallowTests.release.xcconfig */,
			);
			name = Pods;
			sourceTree = "<group>";
		};
		6179B03F948D2C3729D56596 /* Frameworks */ = {
			isa = PBXGroup;
			children = (
				C39E54202133E53500D84671 /* ObjectMapper.framework */,
				C352BF28213145D5006CE3B4 /* Moya.framework */,
				C39950CF20F9E43300BC0BDB /* SnapKit.framework */,
				87995BAAEAAF8621B089AC31 /* Pods_LCEBarnSwallow.framework */,
				9E1C6205D85E9C4A76D0A924 /* Pods_LCEBarnSwallowTests.framework */,
				A6416C02E976DB4AEA217D57 /* Pods_LCEBarnSwallowUITests.framework */,
			);
			name = Frameworks;
			sourceTree = "<group>";
		};
		C33E37F421355B6B000C82BE /* LCESearchImageView */ = {
			isa = PBXGroup;
			children = (
				C33E37F521355BCA000C82BE /* LCESearchImageTableViewCell.swift */,
				C33E37F621355BCA000C82BE /* LCESearchImageTableViewCell.xib */,
				C376903F213676E500069005 /* LCEImageCollectionViewCell.swift */,
				C3769040213676E500069005 /* LCEImageCollectionViewCell.xib */,
			);
			path = LCESearchImageView;
			sourceTree = "<group>";
		};
		C38F7A3320B2AD510089DD0D /* LCERequest */ = {
			isa = PBXGroup;
			children = (
				C38F7A3520B2ADB60089DD0D /* LCESearchImageApi.swift */,
			);
			path = LCERequest;
			sourceTree = "<group>";
		};
		C38F7A3420B2AD700089DD0D /* LCEModel */ = {
			isa = PBXGroup;
			children = (
				C33E37F02134F937000C82BE /* LCESearchImageModel.swift */,
			);
			path = LCEModel;
			sourceTree = "<group>";
		};
		C39950CC20F9D2E500BC0BDB /* LCENaviView */ = {
			isa = PBXGroup;
			children = (
				C39950CD20F9D30C00BC0BDB /* LCENaviView.swift */,
			);
			path = LCENaviView;
			sourceTree = "<group>";
		};
		C3DDF45D20FDF5C300680530 /* LCEWriteDiaryView */ = {
			isa = PBXGroup;
			children = (
				C3DDF45E20FDF62A00680530 /* LCEWriteDiaryFunctionBarView.swift */,
				C352BF2621300D8F006CE3B4 /* LCEChooseDateView.swift */,
				C352BF20212D362B006CE3B4 /* LCEWriteDiaryBottomView.swift */,
				C3CD17BA21410540000DBCAA /* LCEChooseIconTableViewCell.swift */,
				C3CD17BB21410540000DBCAA /* LCEChooseIconTableViewCell.xib */,
				C3BA17F92141127C00782785 /* LCEIconCollectionViewCell.swift */,
				C3BA17FA2141127C00782785 /* LCEIconCollectionViewCell.xib */,
			);
			path = LCEWriteDiaryView;
			sourceTree = "<group>";
		};
		C3F5137E20AD24AE002F4940 = {
			isa = PBXGroup;
			children = (
				C3F5138920AD24AE002F4940 /* LCEBarnSwallow */,
				C3F5139E20AD24B1002F4940 /* LCEBarnSwallowTests */,
				C3F513A920AD24B1002F4940 /* LCEBarnSwallowUITests */,
				C3F5138820AD24AE002F4940 /* Products */,
				0CA37CE4091F9CCAF214F2C8 /* Pods */,
				6179B03F948D2C3729D56596 /* Frameworks */,
			);
			sourceTree = "<group>";
		};
		C3F5138820AD24AE002F4940 /* Products */ = {
			isa = PBXGroup;
			children = (
				C3F5138720AD24AE002F4940 /* LCEBarnSwallow.app */,
				C3F5139B20AD24B1002F4940 /* LCEBarnSwallowTests.xctest */,
				C3F513A620AD24B1002F4940 /* LCEBarnSwallowUITests.xctest */,
			);
			name = Products;
			sourceTree = "<group>";
		};
		C3F5138920AD24AE002F4940 /* LCEBarnSwallow */ = {
			isa = PBXGroup;
			children = (
				C3F5138A20AD24AE002F4940 /* AppDelegate.swift */,
				C3F513B820AD2CF6002F4940 /* LCEBase */,
				C3F513CD20AE85A0002F4940 /* LCEViews */,
				C3F513BB20AD2D51002F4940 /* LCEControllers */,
				C38F7A3320B2AD510089DD0D /* LCERequest */,
				C38F7A3420B2AD700089DD0D /* LCEModel */,
				C3F513C020AD4D65002F4940 /* LCEUtils */,
				C3F513CE20AE85D3002F4940 /* LCEVendors */,
				C3F5139120AD24B1002F4940 /* Assets.xcassets */,
				C3F5139620AD24B1002F4940 /* Info.plist */,
			);
			path = LCEBarnSwallow;
			sourceTree = "<group>";
		};
		C3F5139E20AD24B1002F4940 /* LCEBarnSwallowTests */ = {
			isa = PBXGroup;
			children = (
				C3F5139F20AD24B1002F4940 /* LCEBarnSwallowTests.swift */,
				C3F513A120AD24B1002F4940 /* Info.plist */,
			);
			path = LCEBarnSwallowTests;
			sourceTree = "<group>";
		};
		C3F513A920AD24B1002F4940 /* LCEBarnSwallowUITests */ = {
			isa = PBXGroup;
			children = (
				C3F513AA20AD24B1002F4940 /* LCEBarnSwallowUITests.swift */,
				C3F513AC20AD24B1002F4940 /* Info.plist */,
			);
			path = LCEBarnSwallowUITests;
			sourceTree = "<group>";
		};
		C3F513B820AD2CF6002F4940 /* LCEBase */ = {
			isa = PBXGroup;
			children = (
				C3F513B920AD2D42002F4940 /* LCETabBarController.swift */,
				C3F513BC20AD2D9E002F4940 /* LCEBaseViewController.swift */,
				C3F513CB20AD71E8002F4940 /* LCENavigationController.swift */,
			);
			path = LCEBase;
			sourceTree = "<group>";
		};
		C3F513BB20AD2D51002F4940 /* LCEControllers */ = {
			isa = PBXGroup;
			children = (
				C3F513C320AD5213002F4940 /* LCEHome */,
				C3F513C420AD5222002F4940 /* LCEMe */,
			);
			path = LCEControllers;
			sourceTree = "<group>";
		};
		C3F513C020AD4D65002F4940 /* LCEUtils */ = {
			isa = PBXGroup;
			children = (
				C3F513C120AD4DA7002F4940 /* LCEColorHex.swift */,
				C3F513CF20AEAE43002F4940 /* LCEProgressHUD.swift */,
				C33E37F221352300000C82BE /* LCETools.swift */,
			);
			path = LCEUtils;
			sourceTree = "<group>";
		};
		C3F513C320AD5213002F4940 /* LCEHome */ = {
			isa = PBXGroup;
			children = (
				C3F513BE20AD2DEB002F4940 /* LCEHomeViewController.swift */,
			);
			path = LCEHome;
			sourceTree = "<group>";
		};
		C3F513C420AD5222002F4940 /* LCEMe */ = {
			isa = PBXGroup;
			children = (
				C3F513C520AD523A002F4940 /* LCEMeViewController.swift */,
				C39950CA20F9C4FB00BC0BDB /* LCEWriteDiaryViewController.swift */,
				C3A9FB0F210F16DF004926BB /* LCEChooseDateViewController.swift */,
				C3A9FB11210F1986004926BB /* LCEChooseIconViewController.swift */,
				C3A9FB13210F1AA8004926BB /* LCEChoosePhotoViewController.swift */,
				C3A9FB15210F1B20004926BB /* LCERecordViewController.swift */,
			);
			path = LCEMe;
			sourceTree = "<group>";
		};
		C3F513CD20AE85A0002F4940 /* LCEViews */ = {
			isa = PBXGroup;
			children = (
				C33E37F421355B6B000C82BE /* LCESearchImageView */,
				C3DDF45D20FDF5C300680530 /* LCEWriteDiaryView */,
				C39950CC20F9D2E500BC0BDB /* LCENaviView */,
			);
			path = LCEViews;
			sourceTree = "<group>";
		};
		C3F513CE20AE85D3002F4940 /* LCEVendors */ = {
			isa = PBXGroup;
			children = (
			);
			path = LCEVendors;
			sourceTree = "<group>";
		};
/* End PBXGroup section */

/* Begin PBXNativeTarget section */
		C3F5138620AD24AE002F4940 /* LCEBarnSwallow */ = {
			isa = PBXNativeTarget;
			buildConfigurationList = C3F513AF20AD24B1002F4940 /* Build configuration list for PBXNativeTarget "LCEBarnSwallow" */;
			buildPhases = (
				E1E4E6F8903838920BF53671 /* [CP] Check Pods Manifest.lock */,
				C3F5138320AD24AE002F4940 /* Sources */,
				C3F5138420AD24AE002F4940 /* Frameworks */,
				C3F5138520AD24AE002F4940 /* Resources */,
				EE61B4595C6AB1699D5278D9 /* [CP] Embed Pods Frameworks */,
				C39E54272133E5F400D84671 /* Embed Frameworks */,
			);
			buildRules = (
			);
			dependencies = (
			);
			name = LCEBarnSwallow;
			productName = LCEBarnSwallow;
			productReference = C3F5138720AD24AE002F4940 /* LCEBarnSwallow.app */;
			productType = "com.apple.product-type.application";
		};
		C3F5139A20AD24B1002F4940 /* LCEBarnSwallowTests */ = {
			isa = PBXNativeTarget;
			buildConfigurationList = C3F513B220AD24B1002F4940 /* Build configuration list for PBXNativeTarget "LCEBarnSwallowTests" */;
			buildPhases = (
				C98852404243F4374527C577 /* [CP] Check Pods Manifest.lock */,
				C3F5139720AD24B1002F4940 /* Sources */,
				C3F5139820AD24B1002F4940 /* Frameworks */,
				C3F5139920AD24B1002F4940 /* Resources */,
			);
			buildRules = (
			);
			dependencies = (
				C3F5139D20AD24B1002F4940 /* PBXTargetDependency */,
			);
			name = LCEBarnSwallowTests;
			productName = LCEBarnSwallowTests;
			productReference = C3F5139B20AD24B1002F4940 /* LCEBarnSwallowTests.xctest */;
			productType = "com.apple.product-type.bundle.unit-test";
		};
		C3F513A520AD24B1002F4940 /* LCEBarnSwallowUITests */ = {
			isa = PBXNativeTarget;
			buildConfigurationList = C3F513B520AD24B1002F4940 /* Build configuration list for PBXNativeTarget "LCEBarnSwallowUITests" */;
			buildPhases = (
				C3F513A220AD24B1002F4940 /* Sources */,
				C3F513A320AD24B1002F4940 /* Frameworks */,
				C3F513A420AD24B1002F4940 /* Resources */,
			);
			buildRules = (
			);
			dependencies = (
				C3F513A820AD24B1002F4940 /* PBXTargetDependency */,
			);
			name = LCEBarnSwallowUITests;
			productName = LCEBarnSwallowUITests;
			productReference = C3F513A620AD24B1002F4940 /* LCEBarnSwallowUITests.xctest */;
			productType = "com.apple.product-type.bundle.ui-testing";
		};
/* End PBXNativeTarget section */

/* Begin PBXProject section */
		C3F5137F20AD24AE002F4940 /* Project object */ = {
			isa = PBXProject;
			attributes = {
				CLASSPREFIX = LCE;
				LastSwiftUpdateCheck = 0930;
				LastUpgradeCheck = 0930;
				ORGANIZATIONNAME = yaohuxiaozi;
				TargetAttributes = {
					C3F5138620AD24AE002F4940 = {
						CreatedOnToolsVersion = 9.3.1;
					};
					C3F5139A20AD24B1002F4940 = {
						CreatedOnToolsVersion = 9.3.1;
						TestTargetID = C3F5138620AD24AE002F4940;
					};
					C3F513A520AD24B1002F4940 = {
						CreatedOnToolsVersion = 9.3.1;
						TestTargetID = C3F5138620AD24AE002F4940;
					};
				};
			};
			buildConfigurationList = C3F5138220AD24AE002F4940 /* Build configuration list for PBXProject "LCEBarnSwallow" */;
			compatibilityVersion = "Xcode 9.3";
			developmentRegion = en;
			hasScannedForEncodings = 0;
			knownRegions = (
				en,
				Base,
			);
			mainGroup = C3F5137E20AD24AE002F4940;
			productRefGroup = C3F5138820AD24AE002F4940 /* Products */;
			projectDirPath = "";
			projectRoot = "";
			targets = (
				C3F5138620AD24AE002F4940 /* LCEBarnSwallow */,
				C3F5139A20AD24B1002F4940 /* LCEBarnSwallowTests */,
				C3F513A520AD24B1002F4940 /* LCEBarnSwallowUITests */,
			);
		};
/* End PBXProject section */

/* Begin PBXResourcesBuildPhase section */
		C3F5138520AD24AE002F4940 /* Resources */ = {
			isa = PBXResourcesBuildPhase;
			buildActionMask = 2147483647;
			files = (
				C3BA17FC2141127C00782785 /* LCEIconCollectionViewCell.xib in Resources */,
				C3CD17BD21410540000DBCAA /* LCEChooseIconTableViewCell.xib in Resources */,
				C33E37F821355BCA000C82BE /* LCESearchImageTableViewCell.xib in Resources */,
				C3769042213676E500069005 /* LCEImageCollectionViewCell.xib in Resources */,
				C3F5139220AD24B1002F4940 /* Assets.xcassets in Resources */,
			);
			runOnlyForDeploymentPostprocessing = 0;
		};
		C3F5139920AD24B1002F4940 /* Resources */ = {
			isa = PBXResourcesBuildPhase;
			buildActionMask = 2147483647;
			files = (
			);
			runOnlyForDeploymentPostprocessing = 0;
		};
		C3F513A420AD24B1002F4940 /* Resources */ = {
			isa = PBXResourcesBuildPhase;
			buildActionMask = 2147483647;
			files = (
			);
			runOnlyForDeploymentPostprocessing = 0;
		};
/* End PBXResourcesBuildPhase section */

/* Begin PBXShellScriptBuildPhase section */
		C98852404243F4374527C577 /* [CP] Check Pods Manifest.lock */ = {
			isa = PBXShellScriptBuildPhase;
			buildActionMask = 2147483647;
			files = (
			);
			inputPaths = (
				"${PODS_PODFILE_DIR_PATH}/Podfile.lock",
				"${PODS_ROOT}/Manifest.lock",
			);
			name = "[CP] Check Pods Manifest.lock";
			outputPaths = (
				"$(DERIVED_FILE_DIR)/Pods-LCEBarnSwallowTests-checkManifestLockResult.txt",
			);
			runOnlyForDeploymentPostprocessing = 0;
			shellPath = /bin/sh;
			shellScript = "diff \"${PODS_PODFILE_DIR_PATH}/Podfile.lock\" \"${PODS_ROOT}/Manifest.lock\" > /dev/null\nif [ $? != 0 ] ; then\n    # print error to STDERR\n    echo \"error: The sandbox is not in sync with the Podfile.lock. Run 'pod install' or update your CocoaPods installation.\" >&2\n    exit 1\nfi\n# This output is used by Xcode 'outputs' to avoid re-running this script phase.\necho \"SUCCESS\" > \"${SCRIPT_OUTPUT_FILE_0}\"\n";
			showEnvVarsInLog = 0;
		};
		E1E4E6F8903838920BF53671 /* [CP] Check Pods Manifest.lock */ = {
			isa = PBXShellScriptBuildPhase;
			buildActionMask = 2147483647;
			files = (
			);
			inputPaths = (
				"${PODS_PODFILE_DIR_PATH}/Podfile.lock",
				"${PODS_ROOT}/Manifest.lock",
			);
			name = "[CP] Check Pods Manifest.lock";
			outputPaths = (
				"$(DERIVED_FILE_DIR)/Pods-LCEBarnSwallow-checkManifestLockResult.txt",
			);
			runOnlyForDeploymentPostprocessing = 0;
			shellPath = /bin/sh;
			shellScript = "diff \"${PODS_PODFILE_DIR_PATH}/Podfile.lock\" \"${PODS_ROOT}/Manifest.lock\" > /dev/null\nif [ $? != 0 ] ; then\n    # print error to STDERR\n    echo \"error: The sandbox is not in sync with the Podfile.lock. Run 'pod install' or update your CocoaPods installation.\" >&2\n    exit 1\nfi\n# This output is used by Xcode 'outputs' to avoid re-running this script phase.\necho \"SUCCESS\" > \"${SCRIPT_OUTPUT_FILE_0}\"\n";
			showEnvVarsInLog = 0;
		};
		EE61B4595C6AB1699D5278D9 /* [CP] Embed Pods Frameworks */ = {
			isa = PBXShellScriptBuildPhase;
			buildActionMask = 2147483647;
			files = (
			);
			inputPaths = (
				"${SRCROOT}/Pods/Target Support Files/Pods-LCEBarnSwallow/Pods-LCEBarnSwallow-frameworks.sh",
				"${BUILT_PRODUCTS_DIR}/Alamofire/Alamofire.framework",
				"${BUILT_PRODUCTS_DIR}/IQKeyboardManagerSwift/IQKeyboardManagerSwift.framework",
				"${BUILT_PRODUCTS_DIR}/Kingfisher/Kingfisher.framework",
				"${BUILT_PRODUCTS_DIR}/MJRefresh/MJRefresh.framework",
				"${BUILT_PRODUCTS_DIR}/Moya/Moya.framework",
				"${BUILT_PRODUCTS_DIR}/ObjectMapper/ObjectMapper.framework",
				"${BUILT_PRODUCTS_DIR}/Result/Result.framework",
				"${BUILT_PRODUCTS_DIR}/SVProgressHUD/SVProgressHUD.framework",
				"${BUILT_PRODUCTS_DIR}/SnapKit/SnapKit.framework",
				"${BUILT_PRODUCTS_DIR}/SwiftyJSON/SwiftyJSON.framework",
			);
			name = "[CP] Embed Pods Frameworks";
			outputPaths = (
				"${TARGET_BUILD_DIR}/${FRAMEWORKS_FOLDER_PATH}/Alamofire.framework",
				"${TARGET_BUILD_DIR}/${FRAMEWORKS_FOLDER_PATH}/IQKeyboardManagerSwift.framework",
				"${TARGET_BUILD_DIR}/${FRAMEWORKS_FOLDER_PATH}/Kingfisher.framework",
				"${TARGET_BUILD_DIR}/${FRAMEWORKS_FOLDER_PATH}/MJRefresh.framework",
				"${TARGET_BUILD_DIR}/${FRAMEWORKS_FOLDER_PATH}/Moya.framework",
				"${TARGET_BUILD_DIR}/${FRAMEWORKS_FOLDER_PATH}/ObjectMapper.framework",
				"${TARGET_BUILD_DIR}/${FRAMEWORKS_FOLDER_PATH}/Result.framework",
				"${TARGET_BUILD_DIR}/${FRAMEWORKS_FOLDER_PATH}/SVProgressHUD.framework",
				"${TARGET_BUILD_DIR}/${FRAMEWORKS_FOLDER_PATH}/SnapKit.framework",
				"${TARGET_BUILD_DIR}/${FRAMEWORKS_FOLDER_PATH}/SwiftyJSON.framework",
			);
			runOnlyForDeploymentPostprocessing = 0;
			shellPath = /bin/sh;
			shellScript = "\"${SRCROOT}/Pods/Target Support Files/Pods-LCEBarnSwallow/Pods-LCEBarnSwallow-frameworks.sh\"\n";
			showEnvVarsInLog = 0;
		};
/* End PBXShellScriptBuildPhase section */

/* Begin PBXSourcesBuildPhase section */
		C3F5138320AD24AE002F4940 /* Sources */ = {
			isa = PBXSourcesBuildPhase;
			buildActionMask = 2147483647;
			files = (
				C3F513CC20AD71E8002F4940 /* LCENavigationController.swift in Sources */,
				C3F513D020AEAE44002F4940 /* LCEProgressHUD.swift in Sources */,
				C3769041213676E500069005 /* LCEImageCollectionViewCell.swift in Sources */,
				C38F7A3620B2ADB60089DD0D /* LCESearchImageApi.swift in Sources */,
				C39950CB20F9C4FB00BC0BDB /* LCEWriteDiaryViewController.swift in Sources */,
				C352BF21212D362B006CE3B4 /* LCEWriteDiaryBottomView.swift in Sources */,
				C3F513BA20AD2D42002F4940 /* LCETabBarController.swift in Sources */,
				C3A9FB10210F16DF004926BB /* LCEChooseDateViewController.swift in Sources */,
				C3F513C620AD523A002F4940 /* LCEMeViewController.swift in Sources */,
				C3F5138B20AD24AE002F4940 /* AppDelegate.swift in Sources */,
				C3F513BF20AD2DEB002F4940 /* LCEHomeViewController.swift in Sources */,
				C33E37F12134F937000C82BE /* LCESearchImageModel.swift in Sources */,
				C3A9FB14210F1AA8004926BB /* LCEChoosePhotoViewController.swift in Sources */,
				C3CD17BC21410540000DBCAA /* LCEChooseIconTableViewCell.swift in Sources */,
				C3A9FB16210F1B20004926BB /* LCERecordViewController.swift in Sources */,
				C3F513BD20AD2D9E002F4940 /* LCEBaseViewController.swift in Sources */,
				C33E37F321352300000C82BE /* LCETools.swift in Sources */,
				C33E37F721355BCA000C82BE /* LCESearchImageTableViewCell.swift in Sources */,
				C3F513C220AD4DA7002F4940 /* LCEColorHex.swift in Sources */,
				C352BF2721300D8F006CE3B4 /* LCEChooseDateView.swift in Sources */,
				C3A9FB12210F1986004926BB /* LCEChooseIconViewController.swift in Sources */,
				C39950CE20F9D30C00BC0BDB /* LCENaviView.swift in Sources */,
				C3BA17FB2141127C00782785 /* LCEIconCollectionViewCell.swift in Sources */,
				C3DDF45F20FDF62A00680530 /* LCEWriteDiaryFunctionBarView.swift in Sources */,
			);
			runOnlyForDeploymentPostprocessing = 0;
		};
		C3F5139720AD24B1002F4940 /* Sources */ = {
			isa = PBXSourcesBuildPhase;
			buildActionMask = 2147483647;
			files = (
				C3F513A020AD24B1002F4940 /* LCEBarnSwallowTests.swift in Sources */,
			);
			runOnlyForDeploymentPostprocessing = 0;
		};
		C3F513A220AD24B1002F4940 /* Sources */ = {
			isa = PBXSourcesBuildPhase;
			buildActionMask = 2147483647;
			files = (
				C3F513AB20AD24B1002F4940 /* LCEBarnSwallowUITests.swift in Sources */,
			);
			runOnlyForDeploymentPostprocessing = 0;
		};
/* End PBXSourcesBuildPhase section */

/* Begin PBXTargetDependency section */
		C3F5139D20AD24B1002F4940 /* PBXTargetDependency */ = {
			isa = PBXTargetDependency;
			target = C3F5138620AD24AE002F4940 /* LCEBarnSwallow */;
			targetProxy = C3F5139C20AD24B1002F4940 /* PBXContainerItemProxy */;
		};
		C3F513A820AD24B1002F4940 /* PBXTargetDependency */ = {
			isa = PBXTargetDependency;
			target = C3F5138620AD24AE002F4940 /* LCEBarnSwallow */;
			targetProxy = C3F513A720AD24B1002F4940 /* PBXContainerItemProxy */;
		};
/* End PBXTargetDependency section */

/* Begin XCBuildConfiguration section */
		C3F513AD20AD24B1002F4940 /* Debug */ = {
			isa = XCBuildConfiguration;
			buildSettings = {
				ALWAYS_SEARCH_USER_PATHS = NO;
				CLANG_ANALYZER_NONNULL = YES;
				CLANG_ANALYZER_NUMBER_OBJECT_CONVERSION = YES_AGGRESSIVE;
				CLANG_CXX_LANGUAGE_STANDARD = "gnu++14";
				CLANG_CXX_LIBRARY = "libc++";
				CLANG_ENABLE_MODULES = YES;
				CLANG_ENABLE_OBJC_ARC = YES;
				CLANG_ENABLE_OBJC_WEAK = YES;
				CLANG_WARN_BLOCK_CAPTURE_AUTORELEASING = YES;
				CLANG_WARN_BOOL_CONVERSION = YES;
				CLANG_WARN_COMMA = YES;
				CLANG_WARN_CONSTANT_CONVERSION = YES;
				CLANG_WARN_DEPRECATED_OBJC_IMPLEMENTATIONS = YES;
				CLANG_WARN_DIRECT_OBJC_ISA_USAGE = YES_ERROR;
				CLANG_WARN_DOCUMENTATION_COMMENTS = YES;
				CLANG_WARN_EMPTY_BODY = YES;
				CLANG_WARN_ENUM_CONVERSION = YES;
				CLANG_WARN_INFINITE_RECURSION = YES;
				CLANG_WARN_INT_CONVERSION = YES;
				CLANG_WARN_NON_LITERAL_NULL_CONVERSION = YES;
				CLANG_WARN_OBJC_IMPLICIT_RETAIN_SELF = YES;
				CLANG_WARN_OBJC_LITERAL_CONVERSION = YES;
				CLANG_WARN_OBJC_ROOT_CLASS = YES_ERROR;
				CLANG_WARN_RANGE_LOOP_ANALYSIS = YES;
				CLANG_WARN_STRICT_PROTOTYPES = YES;
				CLANG_WARN_SUSPICIOUS_MOVE = YES;
				CLANG_WARN_UNGUARDED_AVAILABILITY = YES_AGGRESSIVE;
				CLANG_WARN_UNREACHABLE_CODE = YES;
				CLANG_WARN__DUPLICATE_METHOD_MATCH = YES;
				CODE_SIGN_IDENTITY = "iPhone Developer";
				COPY_PHASE_STRIP = NO;
				DEBUG_INFORMATION_FORMAT = dwarf;
				ENABLE_STRICT_OBJC_MSGSEND = YES;
				ENABLE_TESTABILITY = YES;
				GCC_C_LANGUAGE_STANDARD = gnu11;
				GCC_DYNAMIC_NO_PIC = NO;
				GCC_NO_COMMON_BLOCKS = YES;
				GCC_OPTIMIZATION_LEVEL = 0;
				GCC_PREPROCESSOR_DEFINITIONS = (
					"DEBUG=1",
					"$(inherited)",
				);
				GCC_WARN_64_TO_32_BIT_CONVERSION = YES;
				GCC_WARN_ABOUT_RETURN_TYPE = YES_ERROR;
				GCC_WARN_UNDECLARED_SELECTOR = YES;
				GCC_WARN_UNINITIALIZED_AUTOS = YES_AGGRESSIVE;
				GCC_WARN_UNUSED_FUNCTION = YES;
				GCC_WARN_UNUSED_VARIABLE = YES;
				IPHONEOS_DEPLOYMENT_TARGET = 11.3;
				MTL_ENABLE_DEBUG_INFO = YES;
				ONLY_ACTIVE_ARCH = YES;
				SDKROOT = iphoneos;
				SWIFT_ACTIVE_COMPILATION_CONDITIONS = DEBUG;
				SWIFT_OPTIMIZATION_LEVEL = "-Onone";
			};
			name = Debug;
		};
		C3F513AE20AD24B1002F4940 /* Release */ = {
			isa = XCBuildConfiguration;
			buildSettings = {
				ALWAYS_SEARCH_USER_PATHS = NO;
				CLANG_ANALYZER_NONNULL = YES;
				CLANG_ANALYZER_NUMBER_OBJECT_CONVERSION = YES_AGGRESSIVE;
				CLANG_CXX_LANGUAGE_STANDARD = "gnu++14";
				CLANG_CXX_LIBRARY = "libc++";
				CLANG_ENABLE_MODULES = YES;
				CLANG_ENABLE_OBJC_ARC = YES;
				CLANG_ENABLE_OBJC_WEAK = YES;
				CLANG_WARN_BLOCK_CAPTURE_AUTORELEASING = YES;
				CLANG_WARN_BOOL_CONVERSION = YES;
				CLANG_WARN_COMMA = YES;
				CLANG_WARN_CONSTANT_CONVERSION = YES;
				CLANG_WARN_DEPRECATED_OBJC_IMPLEMENTATIONS = YES;
				CLANG_WARN_DIRECT_OBJC_ISA_USAGE = YES_ERROR;
				CLANG_WARN_DOCUMENTATION_COMMENTS = YES;
				CLANG_WARN_EMPTY_BODY = YES;
				CLANG_WARN_ENUM_CONVERSION = YES;
				CLANG_WARN_INFINITE_RECURSION = YES;
				CLANG_WARN_INT_CONVERSION = YES;
				CLANG_WARN_NON_LITERAL_NULL_CONVERSION = YES;
				CLANG_WARN_OBJC_IMPLICIT_RETAIN_SELF = YES;
				CLANG_WARN_OBJC_LITERAL_CONVERSION = YES;
				CLANG_WARN_OBJC_ROOT_CLASS = YES_ERROR;
				CLANG_WARN_RANGE_LOOP_ANALYSIS = YES;
				CLANG_WARN_STRICT_PROTOTYPES = YES;
				CLANG_WARN_SUSPICIOUS_MOVE = YES;
				CLANG_WARN_UNGUARDED_AVAILABILITY = YES_AGGRESSIVE;
				CLANG_WARN_UNREACHABLE_CODE = YES;
				CLANG_WARN__DUPLICATE_METHOD_MATCH = YES;
				CODE_SIGN_IDENTITY = "iPhone Developer";
				COPY_PHASE_STRIP = NO;
				DEBUG_INFORMATION_FORMAT = "dwarf-with-dsym";
				ENABLE_NS_ASSERTIONS = NO;
				ENABLE_STRICT_OBJC_MSGSEND = YES;
				GCC_C_LANGUAGE_STANDARD = gnu11;
				GCC_NO_COMMON_BLOCKS = YES;
				GCC_WARN_64_TO_32_BIT_CONVERSION = YES;
				GCC_WARN_ABOUT_RETURN_TYPE = YES_ERROR;
				GCC_WARN_UNDECLARED_SELECTOR = YES;
				GCC_WARN_UNINITIALIZED_AUTOS = YES_AGGRESSIVE;
				GCC_WARN_UNUSED_FUNCTION = YES;
				GCC_WARN_UNUSED_VARIABLE = YES;
				IPHONEOS_DEPLOYMENT_TARGET = 11.3;
				MTL_ENABLE_DEBUG_INFO = NO;
				SDKROOT = iphoneos;
				SWIFT_COMPILATION_MODE = wholemodule;
				SWIFT_OPTIMIZATION_LEVEL = "-O";
				VALIDATE_PRODUCT = YES;
			};
			name = Release;
		};
		C3F513B020AD24B1002F4940 /* Debug */ = {
			isa = XCBuildConfiguration;
			baseConfigurationReference = 2EAF6F914113B32C9445A746 /* Pods-LCEBarnSwallow.debug.xcconfig */;
			buildSettings = {
				ASSETCATALOG_COMPILER_APPICON_NAME = AppIcon;
				ASSETCATALOG_COMPILER_LAUNCHIMAGE_NAME = LaunchImage;
				CODE_SIGN_STYLE = Automatic;
				DEVELOPMENT_TEAM = ECZYDYW676;
				INFOPLIST_FILE = LCEBarnSwallow/Info.plist;
				IPHONEOS_DEPLOYMENT_TARGET = 8.0;
				LD_RUNPATH_SEARCH_PATHS = (
					"$(inherited)",
					"@executable_path/Frameworks",
				);
				PRODUCT_BUNDLE_IDENTIFIER = com.yaohuxiaozi.barnswallow.LCEBarnSwallow;
				PRODUCT_NAME = "$(TARGET_NAME)";
				SWIFT_VERSION = 4.0;
				TARGETED_DEVICE_FAMILY = "1,2";
			};
			name = Debug;
		};
		C3F513B120AD24B1002F4940 /* Release */ = {
			isa = XCBuildConfiguration;
			baseConfigurationReference = B02A9F52D4C38072A5318446 /* Pods-LCEBarnSwallow.release.xcconfig */;
			buildSettings = {
				ASSETCATALOG_COMPILER_APPICON_NAME = AppIcon;
				ASSETCATALOG_COMPILER_LAUNCHIMAGE_NAME = LaunchImage;
				CODE_SIGN_STYLE = Automatic;
				DEVELOPMENT_TEAM = ECZYDYW676;
				INFOPLIST_FILE = LCEBarnSwallow/Info.plist;
				IPHONEOS_DEPLOYMENT_TARGET = 8.0;
				LD_RUNPATH_SEARCH_PATHS = (
					"$(inherited)",
					"@executable_path/Frameworks",
				);
				PRODUCT_BUNDLE_IDENTIFIER = com.yaohuxiaozi.barnswallow.LCEBarnSwallow;
				PRODUCT_NAME = "$(TARGET_NAME)";
				SWIFT_VERSION = 4.0;
				TARGETED_DEVICE_FAMILY = "1,2";
			};
			name = Release;
		};
		C3F513B320AD24B1002F4940 /* Debug */ = {
			isa = XCBuildConfiguration;
			baseConfigurationReference = 1990B8BE7F379CD488F393D4 /* Pods-LCEBarnSwallowTests.debug.xcconfig */;
			buildSettings = {
				ALWAYS_EMBED_SWIFT_STANDARD_LIBRARIES = YES;
				BUNDLE_LOADER = "$(TEST_HOST)";
				CODE_SIGN_STYLE = Automatic;
				DEVELOPMENT_TEAM = ECZYDYW676;
				INFOPLIST_FILE = LCEBarnSwallowTests/Info.plist;
				LD_RUNPATH_SEARCH_PATHS = (
					"$(inherited)",
					"@executable_path/Frameworks",
					"@loader_path/Frameworks",
				);
				PRODUCT_BUNDLE_IDENTIFIER = com.yaohuxiaozi.barnswallow.LCEBarnSwallowTests;
				PRODUCT_NAME = "$(TARGET_NAME)";
				SWIFT_VERSION = 4.0;
				TARGETED_DEVICE_FAMILY = "1,2";
				TEST_HOST = "$(BUILT_PRODUCTS_DIR)/LCEBarnSwallow.app/LCEBarnSwallow";
			};
			name = Debug;
		};
		C3F513B420AD24B1002F4940 /* Release */ = {
			isa = XCBuildConfiguration;
			baseConfigurationReference = 9C177C6E705070DE6626CBCA /* Pods-LCEBarnSwallowTests.release.xcconfig */;
			buildSettings = {
				ALWAYS_EMBED_SWIFT_STANDARD_LIBRARIES = YES;
				BUNDLE_LOADER = "$(TEST_HOST)";
				CODE_SIGN_STYLE = Automatic;
				DEVELOPMENT_TEAM = ECZYDYW676;
				INFOPLIST_FILE = LCEBarnSwallowTests/Info.plist;
				LD_RUNPATH_SEARCH_PATHS = (
					"$(inherited)",
					"@executable_path/Frameworks",
					"@loader_path/Frameworks",
				);
				PRODUCT_BUNDLE_IDENTIFIER = com.yaohuxiaozi.barnswallow.LCEBarnSwallowTests;
				PRODUCT_NAME = "$(TARGET_NAME)";
				SWIFT_VERSION = 4.0;
				TARGETED_DEVICE_FAMILY = "1,2";
				TEST_HOST = "$(BUILT_PRODUCTS_DIR)/LCEBarnSwallow.app/LCEBarnSwallow";
			};
			name = Release;
		};
		C3F513B620AD24B1002F4940 /* Debug */ = {
			isa = XCBuildConfiguration;
			buildSettings = {
				ALWAYS_EMBED_SWIFT_STANDARD_LIBRARIES = YES;
				CODE_SIGN_STYLE = Automatic;
				DEVELOPMENT_TEAM = ECZYDYW676;
				INFOPLIST_FILE = LCEBarnSwallowUITests/Info.plist;
				LD_RUNPATH_SEARCH_PATHS = (
					"$(inherited)",
					"@executable_path/Frameworks",
					"@loader_path/Frameworks",
				);
				PRODUCT_BUNDLE_IDENTIFIER = com.yaohuxiaozi.barnswallow.LCEBarnSwallowUITests;
				PRODUCT_NAME = "$(TARGET_NAME)";
				SWIFT_VERSION = 4.0;
				TARGETED_DEVICE_FAMILY = "1,2";
				TEST_TARGET_NAME = LCEBarnSwallow;
			};
			name = Debug;
		};
		C3F513B720AD24B1002F4940 /* Release */ = {
			isa = XCBuildConfiguration;
			buildSettings = {
				ALWAYS_EMBED_SWIFT_STANDARD_LIBRARIES = YES;
				CODE_SIGN_STYLE = Automatic;
				DEVELOPMENT_TEAM = ECZYDYW676;
				INFOPLIST_FILE = LCEBarnSwallowUITests/Info.plist;
				LD_RUNPATH_SEARCH_PATHS = (
					"$(inherited)",
					"@executable_path/Frameworks",
					"@loader_path/Frameworks",
				);
				PRODUCT_BUNDLE_IDENTIFIER = com.yaohuxiaozi.barnswallow.LCEBarnSwallowUITests;
				PRODUCT_NAME = "$(TARGET_NAME)";
				SWIFT_VERSION = 4.0;
				TARGETED_DEVICE_FAMILY = "1,2";
				TEST_TARGET_NAME = LCEBarnSwallow;
			};
			name = Release;
		};
/* End XCBuildConfiguration section */

/* Begin XCConfigurationList section */
		C3F5138220AD24AE002F4940 /* Build configuration list for PBXProject "LCEBarnSwallow" */ = {
			isa = XCConfigurationList;
			buildConfigurations = (
				C3F513AD20AD24B1002F4940 /* Debug */,
				C3F513AE20AD24B1002F4940 /* Release */,
			);
			defaultConfigurationIsVisible = 0;
			defaultConfigurationName = Release;
		};
		C3F513AF20AD24B1002F4940 /* Build configuration list for PBXNativeTarget "LCEBarnSwallow" */ = {
			isa = XCConfigurationList;
			buildConfigurations = (
				C3F513B020AD24B1002F4940 /* Debug */,
				C3F513B120AD24B1002F4940 /* Release */,
			);
			defaultConfigurationIsVisible = 0;
			defaultConfigurationName = Release;
		};
		C3F513B220AD24B1002F4940 /* Build configuration list for PBXNativeTarget "LCEBarnSwallowTests" */ = {
			isa = XCConfigurationList;
			buildConfigurations = (
				C3F513B320AD24B1002F4940 /* Debug */,
				C3F513B420AD24B1002F4940 /* Release */,
			);
			defaultConfigurationIsVisible = 0;
			defaultConfigurationName = Release;
		};
		C3F513B520AD24B1002F4940 /* Build configuration list for PBXNativeTarget "LCEBarnSwallowUITests" */ = {
			isa = XCConfigurationList;
			buildConfigurations = (
				C3F513B620AD24B1002F4940 /* Debug */,
				C3F513B720AD24B1002F4940 /* Release */,
			);
			defaultConfigurationIsVisible = 0;
			defaultConfigurationName = Release;
		};
/* End XCConfigurationList section */
	};
	rootObject = C3F5137F20AD24AE002F4940 /* Project object */;
}
