// !$*UTF8*$!
{
	archiveVersion = 1;
	classes = {
	};
	objectVersion = 50;
	objects = {

/* Begin PBXBuildFile section */
		C3F5138B20AD24AE002F4940 /* AppDelegate.swift in Sources */ = {isa = PBXBuildFile; fileRef = C3F5138A20AD24AE002F4940 /* AppDelegate.swift */; };
		C3F5138D20AD24AE002F4940 /* ViewController.swift in Sources */ = {isa = PBXBuildFile; fileRef = C3F5138C20AD24AE002F4940 /* ViewController.swift */; };
		C3F5139020AD24AE002F4940 /* Main.storyboard in Resources */ = {isa = PBXBuildFile; fileRef = C3F5138E20AD24AE002F4940 /* Main.storyboard */; };
		C3F5139220AD24B1002F4940 /* Assets.xcassets in Resources */ = {isa = PBXBuildFile; fileRef = C3F5139120AD24B1002F4940 /* Assets.xcassets */; };
		C3F5139520AD24B1002F4940 /* LaunchScreen.storyboard in Resources */ = {isa = PBXBuildFile; fileRef = C3F5139320AD24B1002F4940 /* LaunchScreen.storyboard */; };
		C3F513A020AD24B1002F4940 /* LCEBarnSwallowTests.swift in Sources */ = {isa = PBXBuildFile; fileRef = C3F5139F20AD24B1002F4940 /* LCEBarnSwallowTests.swift */; };
		C3F513AB20AD24B1002F4940 /* LCEBarnSwallowUITests.swift in Sources */ = {isa = PBXBuildFile; fileRef = C3F513AA20AD24B1002F4940 /* LCEBarnSwallowUITests.swift */; };
/* End PBXBuildFile section */

/* Begin PBXContainerItemProxy section */
		C3F5139C20AD24B1002F4940 /* PBXContainerItemProxy */ = {
			isa = PBXContainerItemProxy;
			containerPortal = C3F5137F20AD24AE002F4940 /* Project object */;
			proxyType = 1;
			remoteGlobalIDString = C3F5138620AD24AE002F4940;
			remoteInfo = LCEBarnSwallow;
		};
		C3F513A720AD24B1002F4940 /* PBXContainerItemProxy */ = {
			isa = PBXContainerItemProxy;
			containerPortal = C3F5137F20AD24AE002F4940 /* Project object */;
			proxyType = 1;
			remoteGlobalIDString = C3F5138620AD24AE002F4940;
			remoteInfo = LCEBarnSwallow;
		};
/* End PBXContainerItemProxy section */

/* Begin PBXFileReference section */
		C3F5138720AD24AE002F4940 /* LCEBarnSwallow.app */ = {isa = PBXFileReference; explicitFileType = wrapper.application; includeInIndex = 0; path = LCEBarnSwallow.app; sourceTree = BUILT_PRODUCTS_DIR; };
		C3F5138A20AD24AE002F4940 /* AppDelegate.swift */ = {isa = PBXFileReference; lastKnownFileType = sourcecode.swift; path = AppDelegate.swift; sourceTree = "<group>"; };
		C3F5138C20AD24AE002F4940 /* ViewController.swift */ = {isa = PBXFileReference; lastKnownFileType = sourcecode.swift; path = ViewController.swift; sourceTree = "<group>"; };
		C3F5138F20AD24AE002F4940 /* Base */ = {isa = PBXFileReference; lastKnownFileType = file.storyboard; name = Base; path = Base.lproj/Main.storyboard; sourceTree = "<group>"; };
		C3F5139120AD24B1002F4940 /* Assets.xcassets */ = {isa = PBXFileReference; lastKnownFileType = folder.assetcatalog; path = Assets.xcassets; sourceTree = "<group>"; };
		C3F5139420AD24B1002F4940 /* Base */ = {isa = PBXFileReference; lastKnownFileType = file.storyboard; name = Base; path = Base.lproj/LaunchScreen.storyboard; sourceTree = "<group>"; };
		C3F5139620AD24B1002F4940 /* Info.plist */ = {isa = PBXFileReference; lastKnownFileType = text.plist.xml; path = Info.plist; sourceTree = "<group>"; };
		C3F5139B20AD24B1002F4940 /* LCEBarnSwallowTests.xctest */ = {isa = PBXFileReference; explicitFileType = wrapper.cfbundle; includeInIndex = 0; path = LCEBarnSwallowTests.xctest; sourceTree = BUILT_PRODUCTS_DIR; };
		C3F5139F20AD24B1002F4940 /* LCEBarnSwallowTests.swift */ = {isa = PBXFileReference; lastKnownFileType = sourcecode.swift; path = LCEBarnSwallowTests.swift; sourceTree = "<group>"; };
		C3F513A120AD24B1002F4940 /* Info.plist */ = {isa = PBXFileReference; lastKnownFileType = text.plist.xml; path = Info.plist; sourceTree = "<group>"; };
		C3F513A620AD24B1002F4940 /* LCEBarnSwallowUITests.xctest */ = {isa = PBXFileReference; explicitFileType = wrapper.cfbundle; includeInIndex = 0; path = LCEBarnSwallowUITests.xctest; sourceTree = BUILT_PRODUCTS_DIR; };
		C3F513AA20AD24B1002F4940 /* LCEBarnSwallowUITests.swift */ = {isa = PBXFileReference; lastKnownFileType = sourcecode.swift; path = LCEBarnSwallowUITests.swift; sourceTree = "<group>"; };
		C3F513AC20AD24B1002F4940 /* Info.plist */ = {isa = PBXFileReference; lastKnownFileType = text.plist.xml; path = Info.plist; sourceTree = "<group>"; };
/* End PBXFileReference section */

/* Begin PBXFrameworksBuildPhase section */
		C3F5138420AD24AE002F4940 /* Frameworks */ = {
			isa = PBXFrameworksBuildPhase;
			buildActionMask = 2147483647;
			files = (
			);
			runOnlyForDeploymentPostprocessing = 0;
		};
		C3F5139820AD24B1002F4940 /* Frameworks */ = {
			isa = PBXFrameworksBuildPhase;
			buildActionMask = 2147483647;
			files = (
			);
			runOnlyForDeploymentPostprocessing = 0;
		};
		C3F513A320AD24B1002F4940 /* Frameworks */ = {
			isa = PBXFrameworksBuildPhase;
			buildActionMask = 2147483647;
			files = (
			);
			runOnlyForDeploymentPostprocessing = 0;
		};
/* End PBXFrameworksBuildPhase section */

/* Begin PBXGroup section */
		C3F5137E20AD24AE002F4940 = {
			isa = PBXGroup;
			children = (
				C3F5138920AD24AE002F4940 /* LCEBarnSwallow */,
				C3F5139E20AD24B1002F4940 /* LCEBarnSwallowTests */,
				C3F513A920AD24B1002F4940 /* LCEBarnSwallowUITests */,
				C3F5138820AD24AE002F4940 /* Products */,
			);
			sourceTree = "<group>";
		};
		C3F5138820AD24AE002F4940 /* Products */ = {
			isa = PBXGroup;
			children = (
				C3F5138720AD24AE002F4940 /* LCEBarnSwallow.app */,
				C3F5139B20AD24B1002F4940 /* LCEBarnSwallowTests.xctest */,
				C3F513A620AD24B1002F4940 /* LCEBarnSwallowUITests.xctest */,
			);
			name = Products;
			sourceTree = "<group>";
		};
		C3F5138920AD24AE002F4940 /* LCEBarnSwallow */ = {
			isa = PBXGroup;
			children = (
				C3F5138A20AD24AE002F4940 /* AppDelegate.swift */,
				C3F5138C20AD24AE002F4940 /* ViewController.swift */,
				C3F5138E20AD24AE002F4940 /* Main.storyboard */,
				C3F5139120AD24B1002F4940 /* Assets.xcassets */,
				C3F5139320AD24B1002F4940 /* LaunchScreen.storyboard */,
				C3F5139620AD24B1002F4940 /* Info.plist */,
			);
			path = LCEBarnSwallow;
			sourceTree = "<group>";
		};
		C3F5139E20AD24B1002F4940 /* LCEBarnSwallowTests */ = {
			isa = PBXGroup;
			children = (
				C3F5139F20AD24B1002F4940 /* LCEBarnSwallowTests.swift */,
				C3F513A120AD24B1002F4940 /* Info.plist */,
			);
			path = LCEBarnSwallowTests;
			sourceTree = "<group>";
		};
		C3F513A920AD24B1002F4940 /* LCEBarnSwallowUITests */ = {
			isa = PBXGroup;
			children = (
				C3F513AA20AD24B1002F4940 /* LCEBarnSwallowUITests.swift */,
				C3F513AC20AD24B1002F4940 /* Info.plist */,
			);
			path = LCEBarnSwallowUITests;
			sourceTree = "<group>";
		};
/* End PBXGroup section */

/* Begin PBXNativeTarget section */
		C3F5138620AD24AE002F4940 /* LCEBarnSwallow */ = {
			isa = PBXNativeTarget;
			buildConfigurationList = C3F513AF20AD24B1002F4940 /* Build configuration list for PBXNativeTarget "LCEBarnSwallow" */;
			buildPhases = (
				C3F5138320AD24AE002F4940 /* Sources */,
				C3F5138420AD24AE002F4940 /* Frameworks */,
				C3F5138520AD24AE002F4940 /* Resources */,
			);
			buildRules = (
			);
			dependencies = (
			);
			name = LCEBarnSwallow;
			productName = LCEBarnSwallow;
			productReference = C3F5138720AD24AE002F4940 /* LCEBarnSwallow.app */;
			productType = "com.apple.product-type.application";
		};
		C3F5139A20AD24B1002F4940 /* LCEBarnSwallowTests */ = {
			isa = PBXNativeTarget;
			buildConfigurationList = C3F513B220AD24B1002F4940 /* Build configuration list for PBXNativeTarget "LCEBarnSwallowTests" */;
			buildPhases = (
				C3F5139720AD24B1002F4940 /* Sources */,
				C3F5139820AD24B1002F4940 /* Frameworks */,
				C3F5139920AD24B1002F4940 /* Resources */,
			);
			buildRules = (
			);
			dependencies = (
				C3F5139D20AD24B1002F4940 /* PBXTargetDependency */,
			);
			name = LCEBarnSwallowTests;
			productName = LCEBarnSwallowTests;
			productReference = C3F5139B20AD24B1002F4940 /* LCEBarnSwallowTests.xctest */;
			productType = "com.apple.product-type.bundle.unit-test";
		};
		C3F513A520AD24B1002F4940 /* LCEBarnSwallowUITests */ = {
			isa = PBXNativeTarget;
			buildConfigurationList = C3F513B520AD24B1002F4940 /* Build configuration list for PBXNativeTarget "LCEBarnSwallowUITests" */;
			buildPhases = (
				C3F513A220AD24B1002F4940 /* Sources */,
				C3F513A320AD24B1002F4940 /* Frameworks */,
				C3F513A420AD24B1002F4940 /* Resources */,
			);
			buildRules = (
			);
			dependencies = (
				C3F513A820AD24B1002F4940 /* PBXTargetDependency */,
			);
			name = LCEBarnSwallowUITests;
			productName = LCEBarnSwallowUITests;
			productReference = C3F513A620AD24B1002F4940 /* LCEBarnSwallowUITests.xctest */;
			productType = "com.apple.product-type.bundle.ui-testing";
		};
/* End PBXNativeTarget section */

/* Begin PBXProject section */
		C3F5137F20AD24AE002F4940 /* Project object */ = {
			isa = PBXProject;
			attributes = {
				LastSwiftUpdateCheck = 0930;
				LastUpgradeCheck = 0930;
				ORGANIZATIONNAME = yaohuxiaozi;
				TargetAttributes = {
					C3F5138620AD24AE002F4940 = {
						CreatedOnToolsVersion = 9.3.1;
					};
					C3F5139A20AD24B1002F4940 = {
						CreatedOnToolsVersion = 9.3.1;
						TestTargetID = C3F5138620AD24AE002F4940;
					};
					C3F513A520AD24B1002F4940 = {
						CreatedOnToolsVersion = 9.3.1;
						TestTargetID = C3F5138620AD24AE002F4940;
					};
				};
			};
			buildConfigurationList = C3F5138220AD24AE002F4940 /* Build configuration list for PBXProject "LCEBarnSwallow" */;
			compatibilityVersion = "Xcode 9.3";
			developmentRegion = en;
			hasScannedForEncodings = 0;
			knownRegions = (
				en,
				Base,
			);
			mainGroup = C3F5137E20AD24AE002F4940;
			productRefGroup = C3F5138820AD24AE002F4940 /* Products */;
			projectDirPath = "";
			projectRoot = "";
			targets = (
				C3F5138620AD24AE002F4940 /* LCEBarnSwallow */,
				C3F5139A20AD24B1002F4940 /* LCEBarnSwallowTests */,
				C3F513A520AD24B1002F4940 /* LCEBarnSwallowUITests */,
			);
		};
/* End PBXProject section */

/* Begin PBXResourcesBuildPhase section */
		C3F5138520AD24AE002F4940 /* Resources */ = {
			isa = PBXResourcesBuildPhase;
			buildActionMask = 2147483647;
			files = (
				C3F5139520AD24B1002F4940 /* LaunchScreen.storyboard in Resources */,
				C3F5139220AD24B1002F4940 /* Assets.xcassets in Resources */,
				C3F5139020AD24AE002F4940 /* Main.storyboard in Resources */,
			);
			runOnlyForDeploymentPostprocessing = 0;
		};
		C3F5139920AD24B1002F4940 /* Resources */ = {
			isa = PBXResourcesBuildPhase;
			buildActionMask = 2147483647;
			files = (
			);
			runOnlyForDeploymentPostprocessing = 0;
		};
		C3F513A420AD24B1002F4940 /* Resources */ = {
			isa = PBXResourcesBuildPhase;
			buildActionMask = 2147483647;
			files = (
			);
			runOnlyForDeploymentPostprocessing = 0;
		};
/* End PBXResourcesBuildPhase section */

/* Begin PBXSourcesBuildPhase section */
		C3F5138320AD24AE002F4940 /* Sources */ = {
			isa = PBXSourcesBuildPhase;
			buildActionMask = 2147483647;
			files = (
				C3F5138D20AD24AE002F4940 /* ViewController.swift in Sources */,
				C3F5138B20AD24AE002F4940 /* AppDelegate.swift in Sources */,
			);
			runOnlyForDeploymentPostprocessing = 0;
		};
		C3F5139720AD24B1002F4940 /* Sources */ = {
			isa = PBXSourcesBuildPhase;
			buildActionMask = 2147483647;
			files = (
				C3F513A020AD24B1002F4940 /* LCEBarnSwallowTests.swift in Sources */,
			);
			runOnlyForDeploymentPostprocessing = 0;
		};
		C3F513A220AD24B1002F4940 /* Sources */ = {
			isa = PBXSourcesBuildPhase;
			buildActionMask = 2147483647;
			files = (
				C3F513AB20AD24B1002F4940 /* LCEBarnSwallowUITests.swift in Sources */,
			);
			runOnlyForDeploymentPostprocessing = 0;
		};
/* End PBXSourcesBuildPhase section */

/* Begin PBXTargetDependency section */
		C3F5139D20AD24B1002F4940 /* PBXTargetDependency */ = {
			isa = PBXTargetDependency;
			target = C3F5138620AD24AE002F4940 /* LCEBarnSwallow */;
			targetProxy = C3F5139C20AD24B1002F4940 /* PBXContainerItemProxy */;
		};
		C3F513A820AD24B1002F4940 /* PBXTargetDependency */ = {
			isa = PBXTargetDependency;
			target = C3F5138620AD24AE002F4940 /* LCEBarnSwallow */;
			targetProxy = C3F513A720AD24B1002F4940 /* PBXContainerItemProxy */;
		};
/* End PBXTargetDependency section */

/* Begin PBXVariantGroup section */
		C3F5138E20AD24AE002F4940 /* Main.storyboard */ = {
			isa = PBXVariantGroup;
			children = (
				C3F5138F20AD24AE002F4940 /* Base */,
			);
			name = Main.storyboard;
			sourceTree = "<group>";
		};
		C3F5139320AD24B1002F4940 /* LaunchScreen.storyboard */ = {
			isa = PBXVariantGroup;
			children = (
				C3F5139420AD24B1002F4940 /* Base */,
			);
			name = LaunchScreen.storyboard;
			sourceTree = "<group>";
		};
/* End PBXVariantGroup section */

/* Begin XCBuildConfiguration section */
		C3F513AD20AD24B1002F4940 /* Debug */ = {
			isa = XCBuildConfiguration;
			buildSettings = {
				ALWAYS_SEARCH_USER_PATHS = NO;
				CLANG_ANALYZER_NONNULL = YES;
				CLANG_ANALYZER_NUMBER_OBJECT_CONVERSION = YES_AGGRESSIVE;
				CLANG_CXX_LANGUAGE_STANDARD = "gnu++14";
				CLANG_CXX_LIBRARY = "libc++";
				CLANG_ENABLE_MODULES = YES;
				CLANG_ENABLE_OBJC_ARC = YES;
				CLANG_ENABLE_OBJC_WEAK = YES;
				CLANG_WARN_BLOCK_CAPTURE_AUTORELEASING = YES;
				CLANG_WARN_BOOL_CONVERSION = YES;
				CLANG_WARN_COMMA = YES;
				CLANG_WARN_CONSTANT_CONVERSION = YES;
				CLANG_WARN_DEPRECATED_OBJC_IMPLEMENTATIONS = YES;
				CLANG_WARN_DIRECT_OBJC_ISA_USAGE = YES_ERROR;
				CLANG_WARN_DOCUMENTATION_COMMENTS = YES;
				CLANG_WARN_EMPTY_BODY = YES;
				CLANG_WARN_ENUM_CONVERSION = YES;
				CLANG_WARN_INFINITE_RECURSION = YES;
				CLANG_WARN_INT_CONVERSION = YES;
				CLANG_WARN_NON_LITERAL_NULL_CONVERSION = YES;
				CLANG_WARN_OBJC_IMPLICIT_RETAIN_SELF = YES;
				CLANG_WARN_OBJC_LITERAL_CONVERSION = YES;
				CLANG_WARN_OBJC_ROOT_CLASS = YES_ERROR;
				CLANG_WARN_RANGE_LOOP_ANALYSIS = YES;
				CLANG_WARN_STRICT_PROTOTYPES = YES;
				CLANG_WARN_SUSPICIOUS_MOVE = YES;
				CLANG_WARN_UNGUARDED_AVAILABILITY = YES_AGGRESSIVE;
				CLANG_WARN_UNREACHABLE_CODE = YES;
				CLANG_WARN__DUPLICATE_METHOD_MATCH = YES;
				CODE_SIGN_IDENTITY = "iPhone Developer";
				COPY_PHASE_STRIP = NO;
				DEBUG_INFORMATION_FORMAT = dwarf;
				ENABLE_STRICT_OBJC_MSGSEND = YES;
				ENABLE_TESTABILITY = YES;
				GCC_C_LANGUAGE_STANDARD = gnu11;
				GCC_DYNAMIC_NO_PIC = NO;
				GCC_NO_COMMON_BLOCKS = YES;
				GCC_OPTIMIZATION_LEVEL = 0;
				GCC_PREPROCESSOR_DEFINITIONS = (
					"DEBUG=1",
					"$(inherited)",
				);
				GCC_WARN_64_TO_32_BIT_CONVERSION = YES;
				GCC_WARN_ABOUT_RETURN_TYPE = YES_ERROR;
				GCC_WARN_UNDECLARED_SELECTOR = YES;
				GCC_WARN_UNINITIALIZED_AUTOS = YES_AGGRESSIVE;
				GCC_WARN_UNUSED_FUNCTION = YES;
				GCC_WARN_UNUSED_VARIABLE = YES;
				IPHONEOS_DEPLOYMENT_TARGET = 11.3;
				MTL_ENABLE_DEBUG_INFO = YES;
				ONLY_ACTIVE_ARCH = YES;
				SDKROOT = iphoneos;
				SWIFT_ACTIVE_COMPILATION_CONDITIONS = DEBUG;
				SWIFT_OPTIMIZATION_LEVEL = "-Onone";
			};
			name = Debug;
		};
		C3F513AE20AD24B1002F4940 /* Release */ = {
			isa = XCBuildConfiguration;
			buildSettings = {
				ALWAYS_SEARCH_USER_PATHS = NO;
				CLANG_ANALYZER_NONNULL = YES;
				CLANG_ANALYZER_NUMBER_OBJECT_CONVERSION = YES_AGGRESSIVE;
				CLANG_CXX_LANGUAGE_STANDARD = "gnu++14";
				CLANG_CXX_LIBRARY = "libc++";
				CLANG_ENABLE_MODULES = YES;
				CLANG_ENABLE_OBJC_ARC = YES;
				CLANG_ENABLE_OBJC_WEAK = YES;
				CLANG_WARN_BLOCK_CAPTURE_AUTORELEASING = YES;
				CLANG_WARN_BOOL_CONVERSION = YES;
				CLANG_WARN_COMMA = YES;
				CLANG_WARN_CONSTANT_CONVERSION = YES;
				CLANG_WARN_DEPRECATED_OBJC_IMPLEMENTATIONS = YES;
				CLANG_WARN_DIRECT_OBJC_ISA_USAGE = YES_ERROR;
				CLANG_WARN_DOCUMENTATION_COMMENTS = YES;
				CLANG_WARN_EMPTY_BODY = YES;
				CLANG_WARN_ENUM_CONVERSION = YES;
				CLANG_WARN_INFINITE_RECURSION = YES;
				CLANG_WARN_INT_CONVERSION = YES;
				CLANG_WARN_NON_LITERAL_NULL_CONVERSION = YES;
				CLANG_WARN_OBJC_IMPLICIT_RETAIN_SELF = YES;
				CLANG_WARN_OBJC_LITERAL_CONVERSION = YES;
				CLANG_WARN_OBJC_ROOT_CLASS = YES_ERROR;
				CLANG_WARN_RANGE_LOOP_ANALYSIS = YES;
				CLANG_WARN_STRICT_PROTOTYPES = YES;
				CLANG_WARN_SUSPICIOUS_MOVE = YES;
				CLANG_WARN_UNGUARDED_AVAILABILITY = YES_AGGRESSIVE;
				CLANG_WARN_UNREACHABLE_CODE = YES;
				CLANG_WARN__DUPLICATE_METHOD_MATCH = YES;
				CODE_SIGN_IDENTITY = "iPhone Developer";
				COPY_PHASE_STRIP = NO;
				DEBUG_INFORMATION_FORMAT = "dwarf-with-dsym";
				ENABLE_NS_ASSERTIONS = NO;
				ENABLE_STRICT_OBJC_MSGSEND = YES;
				GCC_C_LANGUAGE_STANDARD = gnu11;
				GCC_NO_COMMON_BLOCKS = YES;
				GCC_WARN_64_TO_32_BIT_CONVERSION = YES;
				GCC_WARN_ABOUT_RETURN_TYPE = YES_ERROR;
				GCC_WARN_UNDECLARED_SELECTOR = YES;
				GCC_WARN_UNINITIALIZED_AUTOS = YES_AGGRESSIVE;
				GCC_WARN_UNUSED_FUNCTION = YES;
				GCC_WARN_UNUSED_VARIABLE = YES;
				IPHONEOS_DEPLOYMENT_TARGET = 11.3;
				MTL_ENABLE_DEBUG_INFO = NO;
				SDKROOT = iphoneos;
				SWIFT_COMPILATION_MODE = wholemodule;
				SWIFT_OPTIMIZATION_LEVEL = "-O";
				VALIDATE_PRODUCT = YES;
			};
			name = Release;
		};
		C3F513B020AD24B1002F4940 /* Debug */ = {
			isa = XCBuildConfiguration;
			buildSettings = {
				ASSETCATALOG_COMPILER_APPICON_NAME = AppIcon;
				CODE_SIGN_STYLE = Automatic;
				DEVELOPMENT_TEAM = ECZYDYW676;
				INFOPLIST_FILE = LCEBarnSwallow/Info.plist;
				LD_RUNPATH_SEARCH_PATHS = (
					"$(inherited)",
					"@executable_path/Frameworks",
				);
				PRODUCT_BUNDLE_IDENTIFIER = com.yaohuxiaozi.barnswallow.LCEBarnSwallow;
				PRODUCT_NAME = "$(TARGET_NAME)";
				SWIFT_VERSION = 4.0;
				TARGETED_DEVICE_FAMILY = "1,2";
			};
			name = Debug;
		};
		C3F513B120AD24B1002F4940 /* Release */ = {
			isa = XCBuildConfiguration;
			buildSettings = {
				ASSETCATALOG_COMPILER_APPICON_NAME = AppIcon;
				CODE_SIGN_STYLE = Automatic;
				DEVELOPMENT_TEAM = ECZYDYW676;
				INFOPLIST_FILE = LCEBarnSwallow/Info.plist;
				LD_RUNPATH_SEARCH_PATHS = (
					"$(inherited)",
					"@executable_path/Frameworks",
				);
				PRODUCT_BUNDLE_IDENTIFIER = com.yaohuxiaozi.barnswallow.LCEBarnSwallow;
				PRODUCT_NAME = "$(TARGET_NAME)";
				SWIFT_VERSION = 4.0;
				TARGETED_DEVICE_FAMILY = "1,2";
			};
			name = Release;
		};
		C3F513B320AD24B1002F4940 /* Debug */ = {
			isa = XCBuildConfiguration;
			buildSettings = {
				ALWAYS_EMBED_SWIFT_STANDARD_LIBRARIES = YES;
				BUNDLE_LOADER = "$(TEST_HOST)";
				CODE_SIGN_STYLE = Automatic;
				DEVELOPMENT_TEAM = ECZYDYW676;
				INFOPLIST_FILE = LCEBarnSwallowTests/Info.plist;
				LD_RUNPATH_SEARCH_PATHS = (
					"$(inherited)",
					"@executable_path/Frameworks",
					"@loader_path/Frameworks",
				);
				PRODUCT_BUNDLE_IDENTIFIER = com.yaohuxiaozi.barnswallow.LCEBarnSwallowTests;
				PRODUCT_NAME = "$(TARGET_NAME)";
				SWIFT_VERSION = 4.0;
				TARGETED_DEVICE_FAMILY = "1,2";
				TEST_HOST = "$(BUILT_PRODUCTS_DIR)/LCEBarnSwallow.app/LCEBarnSwallow";
			};
			name = Debug;
		};
		C3F513B420AD24B1002F4940 /* Release */ = {
			isa = XCBuildConfiguration;
			buildSettings = {
				ALWAYS_EMBED_SWIFT_STANDARD_LIBRARIES = YES;
				BUNDLE_LOADER = "$(TEST_HOST)";
				CODE_SIGN_STYLE = Automatic;
				DEVELOPMENT_TEAM = ECZYDYW676;
				INFOPLIST_FILE = LCEBarnSwallowTests/Info.plist;
				LD_RUNPATH_SEARCH_PATHS = (
					"$(inherited)",
					"@executable_path/Frameworks",
					"@loader_path/Frameworks",
				);
				PRODUCT_BUNDLE_IDENTIFIER = com.yaohuxiaozi.barnswallow.LCEBarnSwallowTests;
				PRODUCT_NAME = "$(TARGET_NAME)";
				SWIFT_VERSION = 4.0;
				TARGETED_DEVICE_FAMILY = "1,2";
				TEST_HOST = "$(BUILT_PRODUCTS_DIR)/LCEBarnSwallow.app/LCEBarnSwallow";
			};
			name = Release;
		};
		C3F513B620AD24B1002F4940 /* Debug */ = {
			isa = XCBuildConfiguration;
			buildSettings = {
				ALWAYS_EMBED_SWIFT_STANDARD_LIBRARIES = YES;
				CODE_SIGN_STYLE = Automatic;
				DEVELOPMENT_TEAM = ECZYDYW676;
				INFOPLIST_FILE = LCEBarnSwallowUITests/Info.plist;
				LD_RUNPATH_SEARCH_PATHS = (
					"$(inherited)",
					"@executable_path/Frameworks",
					"@loader_path/Frameworks",
				);
				PRODUCT_BUNDLE_IDENTIFIER = com.yaohuxiaozi.barnswallow.LCEBarnSwallowUITests;
				PRODUCT_NAME = "$(TARGET_NAME)";
				SWIFT_VERSION = 4.0;
				TARGETED_DEVICE_FAMILY = "1,2";
				TEST_TARGET_NAME = LCEBarnSwallow;
			};
			name = Debug;
		};
		C3F513B720AD24B1002F4940 /* Release */ = {
			isa = XCBuildConfiguration;
			buildSettings = {
				ALWAYS_EMBED_SWIFT_STANDARD_LIBRARIES = YES;
				CODE_SIGN_STYLE = Automatic;
				DEVELOPMENT_TEAM = ECZYDYW676;
				INFOPLIST_FILE = LCEBarnSwallowUITests/Info.plist;
				LD_RUNPATH_SEARCH_PATHS = (
					"$(inherited)",
					"@executable_path/Frameworks",
					"@loader_path/Frameworks",
				);
				PRODUCT_BUNDLE_IDENTIFIER = com.yaohuxiaozi.barnswallow.LCEBarnSwallowUITests;
				PRODUCT_NAME = "$(TARGET_NAME)";
				SWIFT_VERSION = 4.0;
				TARGETED_DEVICE_FAMILY = "1,2";
				TEST_TARGET_NAME = LCEBarnSwallow;
			};
			name = Release;
		};
/* End XCBuildConfiguration section */

/* Begin XCConfigurationList section */
		C3F5138220AD24AE002F4940 /* Build configuration list for PBXProject "LCEBarnSwallow" */ = {
			isa = XCConfigurationList;
			buildConfigurations = (
				C3F513AD20AD24B1002F4940 /* Debug */,
				C3F513AE20AD24B1002F4940 /* Release */,
			);
			defaultConfigurationIsVisible = 0;
			defaultConfigurationName = Release;
		};
		C3F513AF20AD24B1002F4940 /* Build configuration list for PBXNativeTarget "LCEBarnSwallow" */ = {
			isa = XCConfigurationList;
			buildConfigurations = (
				C3F513B020AD24B1002F4940 /* Debug */,
				C3F513B120AD24B1002F4940 /* Release */,
			);
			defaultConfigurationIsVisible = 0;
			defaultConfigurationName = Release;
		};
		C3F513B220AD24B1002F4940 /* Build configuration list for PBXNativeTarget "LCEBarnSwallowTests" */ = {
			isa = XCConfigurationList;
			buildConfigurations = (
				C3F513B320AD24B1002F4940 /* Debug */,
				C3F513B420AD24B1002F4940 /* Release */,
			);
			defaultConfigurationIsVisible = 0;
			defaultConfigurationName = Release;
		};
		C3F513B520AD24B1002F4940 /* Build configuration list for PBXNativeTarget "LCEBarnSwallowUITests" */ = {
			isa = XCConfigurationList;
			buildConfigurations = (
				C3F513B620AD24B1002F4940 /* Debug */,
				C3F513B720AD24B1002F4940 /* Release */,
			);
			defaultConfigurationIsVisible = 0;
			defaultConfigurationName = Release;
		};
/* End XCConfigurationList section */
	};
	rootObject = C3F5137F20AD24AE002F4940 /* Project object */;
}
